{
  "name": "my-app",
  "version": "0.1.0",
  "lockfileVersion": 1,
  "requires": true,
  "dependencies": {
    "antd": {
      "version": "3.22.0",
      "resolved": "https://registry.npmjs.org/antd/-/antd-3.22.0.tgz",
      "integrity": "sha512-6hqsmPmUU9xYWtbNlgudmVYTFHw5hQY2AKP+68CWY6Q4LGtEuUEgl0d/bkRdrjnVsHXsH4ua4+Nic+TfqU8WLw=="
    },
    "availity-reactstrap-validation": {
      "version": "2.6.0",
      "resolved": "https://registry.npmjs.org/availity-reactstrap-validation/-/availity-reactstrap-validation-2.6.0.tgz",
      "integrity": "sha512-HgxsjJLFgzXF2Fjj9Bofey+pA1DXoJ54qdSWhd8ltJxPtWV7uUahfwC4Rs2iyj6hOrmsDlKVxpTpFmqE0Ipt3A=="
    },
    "axios": {
      "version": "0.21.1",
      "resolved": "https://registry.npmjs.org/axios/-/axios-0.21.1.tgz",
      "integrity": "sha512-dKQiRHxGD9PPRIUNIWvZhPTPpl1rf/OxTYKsqKUDjBwYylTvV7SjSHJb9ratfyzM6wCdLCOYLzs73qpg5c4iGA==",
      "requires": {
        "follow-redirects": "^1.10.0"
      },
      "dependencies": {
        "follow-redirects": {
          "version": "1.13.1",
          "resolved": "https://registry.npmjs.org/follow-redirects/-/follow-redirects-1.13.1.tgz",
          "integrity": "sha512-SSG5xmZh1mkPGyKzjZP8zLjltIfpW32Y5QpdNJyjcfGxK3qo3NDDkZOZSFiGn1A6SclQxY9GzEwAHQ3dmYRWpg=="
        }
      }
    },
    "bootstrap": {
      "version": "4.3.1",
      "resolved": "https://registry.npmjs.org/bootstrap/-/bootstrap-4.3.1.tgz",
      "integrity": "sha512-rXqOmH1VilAt2DyPzluTi2blhk17bO7ef+zLLPlWvG494pDxcM234pJ8wTc/6R40UWizAIIMgxjvxZg5kmsbag=="
    },
    "firebase": {
      "version": "7.8.0",
      "resolved": "https://registry.npmjs.org/firebase/-/firebase-7.8.0.tgz",
      "integrity": "sha512-oOXb8asc9mF+xN3nHUnt8cFDo4sDkSuTSLRmPM3Jpz6yriBHJYuO1k7G6sbJOtCVl+nkj0maIyByNVQxt2eBlA=="
    },
    "gh-pages": {
      "version": "2.2.0",
      "resolved": "https://registry.npmjs.org/gh-pages/-/gh-pages-2.2.0.tgz",
      "integrity": "sha512-c+yPkNOPMFGNisYg9r4qvsMIjVYikJv7ImFOhPIVPt0+AcRUamZ7zkGRLHz7FKB0xrlZ+ddSOJsZv9XAFVXLmA==",
      "dev": true,
      "dependencies": {
        "async": {
          "version": "2.6.3",
          "resolved": "https://registry.npmjs.org/async/-/async-2.6.3.tgz",
          "integrity": "sha512-zflvls11DCy+dQWzTW2dzuilv8Z5X/pjfmZOWba6TNIVDm+2UDaJmXSOXlasHKfNBs8oo3M0aT50fDEWfKZjXg=="
        },
        "fs-extra": {
          "version": "8.1.0",
          "resolved": "https://registry.npmjs.org/fs-extra/-/fs-extra-8.1.0.tgz",
          "integrity": "sha512-yhlQgA6mnOJUKOsRUFsgJdQCvkKhcz8tlZG5HBQfReYZy46OwLcY+Zia0mtdHsOo9y/hP+CxMN0TU9QxoOtG4g=="
        },
        "globby": {
          "version": "6.1.0",
          "resolved": "https://registry.npmjs.org/globby/-/globby-6.1.0.tgz",
          "integrity": "sha1-9abXDoOV4hyFj7BInWTfAkJNUGw="
        },
        "pify": {
          "version": "2.3.0",
          "resolved": "https://registry.npmjs.org/pify/-/pify-2.3.0.tgz",
          "integrity": "sha1-7RQaasBDqEnqWISY59yosVMw6Qw="
        }
      }
    },
    "react": {
      "version": "16.10.1",
      "resolved": "https://registry.npmjs.org/react/-/react-16.10.1.tgz",
      "integrity": "sha512-2bisHwMhxQ3XQz4LiJJwG3360pY965pTl/MRrZYxIBKVj4fOHoDs5aZAkYXGxDRO1Li+SyjTAilQEbOmtQJHzA=="
    },
    "react-dom": {
      "version": "16.10.1",
      "resolved": "https://registry.npmjs.org/react-dom/-/react-dom-16.10.1.tgz",
      "integrity": "sha512-SmM4ZW0uug0rn95U8uqr52I7UdNf6wdGLeXDmNLfg3y5q5H9eAbdjF5ubQc3bjDyRrvdAB2IKG7X0GzSpnn5Mg==",
      "dependencies": {
        "scheduler": {
          "version": "0.16.1",
          "resolved": "https://registry.npmjs.org/scheduler/-/scheduler-0.16.1.tgz",
          "integrity": "sha512-MIuie7SgsqMYOdCXVFZa8SKoNorJZUWHW8dPgto7uEHn1lX3fg2Gu0TzgK8USj76uxV7vB5eRMnZs/cdEHg+cg=="
        }
      }
    },
    "react-google-maps": {
      "version": "9.4.5",
      "resolved": "https://registry.npmjs.org/react-google-maps/-/react-google-maps-9.4.5.tgz",
      "integrity": "sha512-8z5nX9DxIcBCXuEiurmRT1VXVwnzx0C6+3Es6lxB2/OyY2SLax2/LcDu6Aldxnl3HegefTL7NJzGeaKAJ61pOA==",
      "dependencies": {
        "warning": {
          "version": "3.0.0",
          "resolved": "https://registry.npmjs.org/warning/-/warning-3.0.0.tgz",
          "integrity": "sha1-MuU3fLVy3kqwR1O9+IIcAe1gW3w="
        }
      }
    },
    "react-json-to-csv": {
      "version": "1.0.4",
      "resolved": "https://registry.npmjs.org/react-json-to-csv/-/react-json-to-csv-1.0.4.tgz",
      "integrity": "sha512-WiLLNrJ3ruyLxPN6HS5kX5EOv5I1Wj3rB2/gS3uzz3gKHTvqUMaTEVIt2lLpvLoHHWRsRy0p629qiTsTN8hemw=="
    },
    "react-ladda": {
      "version": "6.0.0",
      "resolved": "https://registry.npmjs.org/react-ladda/-/react-ladda-6.0.0.tgz",
      "integrity": "sha512-wBs0nebPF+t2lXBCrBLT98FiNDoUY73CtOHHvcEZ7mCpnmfwjWUhGI44xIG+UAnyFgshIP58IPO5yy9Sk3uqqA=="
    },
    "react-places-autocomplete": {
      "version": "7.2.1",
      "resolved": "https://registry.npmjs.org/react-places-autocomplete/-/react-places-autocomplete-7.2.1.tgz",
      "integrity": "sha512-X1SRv3zJjEZ9dnfy/vlSFi8dpUZc/vW4CF7GhN46AVATNMmB1y1EwhX2aiqKVWXO1888p9l7FMJLgySPRBDMCQ=="
    },
    "react-redux": {
      "version": "7.1.1",
      "resolved": "https://registry.npmjs.org/react-redux/-/react-redux-7.1.1.tgz",
      "integrity": "sha512-QsW0vcmVVdNQzEkrgzh2W3Ksvr8cqpAv5FhEk7tNEft+5pp7rXxAudTz3VOPawRkLIepItpkEIyLcN/VVXzjTg==",
      "dependencies": {
        "@babel/runtime": {
          "version": "7.6.0",
          "resolved": "https://registry.npmjs.org/@babel/runtime/-/runtime-7.6.0.tgz",
          "integrity": "sha512-89eSBLJsxNxOERC0Op4vd+0Bqm6wRMqMbFtV3i0/fbaWw/mJ8Q3eBvgX0G4SyrOOLCtbu98HspF8o09MRT+KzQ=="
        },
        "react-is": {
          "version": "16.9.0",
          "resolved": "https://registry.npmjs.org/react-is/-/react-is-16.9.0.tgz",
          "integrity": "sha512-tJBzzzIgnnRfEm046qRcURvwQnZVXmuCbscxUO5RWrGTXpon2d4c8mI0D8WE6ydVIm29JiLB6+RslkIvym9Rjw=="
        }
      }
    },
    "react-router-dom": {
      "version": "5.1.2",
      "resolved": "https://registry.npmjs.org/react-router-dom/-/react-router-dom-5.1.2.tgz",
      "integrity": "sha512-7BPHAaIwWpZS074UKaw1FjVdZBSVWEk8IuDXdB+OkLb8vd/WRQIpA4ag9WQk61aEfQs47wHyjWUoUGGZxpQXew=="
    },
    "react-scripts": {
      "version": "3.0.1",
      "resolved": "https://registry.npmjs.org/react-scripts/-/react-scripts-3.0.1.tgz",
      "integrity": "sha512-LKEjBhVpEB+c312NeJhzF+NATxF7JkHNr5GhtwMeRS1cMeLElMeIu8Ye7WGHtDP7iz7ra4ryy48Zpo6G/cwWUw==",
      "dependencies": {
        "fsevents": {
          "version": "2.0.6",
          "resolved": "https://registry.npmjs.org/fsevents/-/fsevents-2.0.6.tgz",
          "integrity": "sha512-vfmKZp3XPM36DNF0qhW+Cdxk7xm7gTEHY1clv1Xq1arwRQuKZgAhw+NZNWbJBtuaNxzNXwhfdPYRrvIbjfS33A=="
        }
      }
    },
    "react-scroll": {
      "version": "1.7.16",
      "resolved": "https://registry.npmjs.org/react-scroll/-/react-scroll-1.7.16.tgz",
      "integrity": "sha512-f4M5AdL+3cw3MJ7c/T0hPMY2iHCeQLDXV13lRanAFQ6JIt9xyAdHCpTH9mLUQt9SQh4pRarD+Qc7KhU6qMx3Yg=="
    },
    "reactstrap": {
      "version": "8.0.1",
      "resolved": "https://registry.npmjs.org/reactstrap/-/reactstrap-8.0.1.tgz",
      "integrity": "sha512-GvUWEL+a2+3npK1OxTXcNBMHXX4x6uc1KQRzK7yAOl+8sAHTRWqjunvMUfny3oDh8yKVzgqpqQlWWvs1B2HR9A=="
    },
    "redux": {
      "version": "4.0.4",
      "resolved": "https://registry.npmjs.org/redux/-/redux-4.0.4.tgz",
      "integrity": "sha512-vKv4WdiJxOWKxK0yRoaK3Y4pxxB0ilzVx6dszU2W8wLxlb2yikRph4iV/ymtdJ6ZxpBLFbyrxklnT5yBbQSl3Q=="
    },
    "redux-devtools": {
      "version": "3.5.0",
      "resolved": "https://registry.npmjs.org/redux-devtools/-/redux-devtools-3.5.0.tgz",
      "integrity": "sha512-pGU8TZNvWxPaCCE432AGm6H6alQbAz80gQM5CzM3SjX9/oSNu/HPF17xFdPQJOXasqyih1Gv167kZDTRe7r0iQ==",
      "dev": true
    }
  }
}
